{
  "name": "mockula",
  "version": "0.1.0",
  "lockfileVersion": 1,
  "requires": true,
  "dependencies": {
    "react-file-download": {
      "version": "0.3.4",
      "resolved": "https://registry.npmjs.org/react-file-download/-/react-file-download-0.3.4.tgz",
      "integrity": "sha1-Thz8ekffbuspnf2EW5lnbN7atdI="
    }
  }
}
